
Microsoft Visual Studio Solution File, Format Version 12.00
# Visual Studio Version 17
VisualStudioVersion = 17.0.31903.59
MinimumVisualStudioVersion = 10.0.40219.1
Project("{FAE04EC0-301F-11D3-BF4B-00C04F79EFBC}") = "Consumer", "Consumer\Consumer.csproj", "{92012A43-678A-4CFF-BC8E-D90F6E68B6B5}"
EndProject
Project("{FAE04EC0-301F-11D3-BF4B-00C04F79EFBC}") = "Consumer.Test", "Consumer.Test\Consumer.Test.csproj", "{A39D0001-56E7-40BE-83C8-AFFE17BE6F4F}"
EndProject
Project("{FAE04EC0-301F-11D3-BF4B-00C04F79EFBC}") = "Producer", "Producer\Producer.csproj", "{7923AF9F-A0C3-4786-9E2E-68D1D498F8FA}"
EndProject
Project("{FAE04EC0-301F-11D3-BF4B-00C04F79EFBC}") = "Producer.Test", "Producer.Test\Producer.Test.csproj", "{E45D7327-0F1B-4E7A-92ED-2AA0E016D1FC}"
EndProject
Global
	GlobalSection(SolutionConfigurationPlatforms) = preSolution
		Debug|Any CPU = Debug|Any CPU
		Release|Any CPU = Release|Any CPU
	EndGlobalSection
	GlobalSection(SolutionProperties) = preSolution
		HideSolutionNode = FALSE
	EndGlobalSection
	GlobalSection(ProjectConfigurationPlatforms) = postSolution
		{92012A43-678A-4CFF-BC8E-D90F6E68B6B5}.Debug|Any CPU.ActiveCfg = Debug|Any CPU
		{92012A43-678A-4CFF-BC8E-D90F6E68B6B5}.Debug|Any CPU.Build.0 = Debug|Any CPU
		{92012A43-678A-4CFF-BC8E-D90F6E68B6B5}.Release|Any CPU.ActiveCfg = Release|Any CPU
		{92012A43-678A-4CFF-BC8E-D90F6E68B6B5}.Release|Any CPU.Build.0 = Release|Any CPU
		{A39D0001-56E7-40BE-83C8-AFFE17BE6F4F}.Debug|Any CPU.ActiveCfg = Debug|Any CPU
		{A39D0001-56E7-40BE-83C8-AFFE17BE6F4F}.Debug|Any CPU.Build.0 = Debug|Any CPU
		{A39D0001-56E7-40BE-83C8-AFFE17BE6F4F}.Release|Any CPU.ActiveCfg = Release|Any CPU
		{A39D0001-56E7-40BE-83C8-AFFE17BE6F4F}.Release|Any CPU.Build.0 = Release|Any CPU
		{7923AF9F-A0C3-4786-9E2E-68D1D498F8FA}.Debug|Any CPU.ActiveCfg = Debug|Any CPU
		{7923AF9F-A0C3-4786-9E2E-68D1D498F8FA}.Debug|Any CPU.Build.0 = Debug|Any CPU
		{7923AF9F-A0C3-4786-9E2E-68D1D498F8FA}.Release|Any CPU.ActiveCfg = Release|Any CPU
		{7923AF9F-A0C3-4786-9E2E-68D1D498F8FA}.Release|Any CPU.Build.0 = Release|Any CPU
		{E45D7327-0F1B-4E7A-92ED-2AA0E016D1FC}.Debug|Any CPU.ActiveCfg = Debug|Any CPU
		{E45D7327-0F1B-4E7A-92ED-2AA0E016D1FC}.Debug|Any CPU.Build.0 = Debug|Any CPU
		{E45D7327-0F1B-4E7A-92ED-2AA0E016D1FC}.Release|Any CPU.ActiveCfg = Release|Any CPU
		{E45D7327-0F1B-4E7A-92ED-2AA0E016D1FC}.Release|Any CPU.Build.0 = Release|Any CPU
	EndGlobalSection
EndGlobal
