
Microsoft Visual Studio Solution File, Format Version 12.00
# Visual Studio Version 17
VisualStudioVersion = 17.0.31903.59
MinimumVisualStudioVersion = 10.0.40219.1
Project("{FAE04EC0-301F-11D3-BF4B-00C04F79EFBC}") = "Leitor", "Leitor\Leitor.csproj", "{880DB444-75F6-433C-B1C6-AAF186CC01D8}"
EndProject
Project("{FAE04EC0-301F-11D3-BF4B-00C04F79EFBC}") = "App", "App\App.csproj", "{09C4CF5D-CB5D-428B-BFA2-E0C7C7A180C9}"
EndProject
Project("{FAE04EC0-301F-11D3-BF4B-00C04F79EFBC}") = "Tests", "Tests\Tests.csproj", "{944E1928-C793-4EE7-B8BA-4B683490BF75}"
EndProject
Global
	GlobalSection(SolutionConfigurationPlatforms) = preSolution
		Debug|Any CPU = Debug|Any CPU
		Release|Any CPU = Release|Any CPU
	EndGlobalSection
	GlobalSection(SolutionProperties) = preSolution
		HideSolutionNode = FALSE
	EndGlobalSection
	GlobalSection(ProjectConfigurationPlatforms) = postSolution
		{880DB444-75F6-433C-B1C6-AAF186CC01D8}.Debug|Any CPU.ActiveCfg = Debug|Any CPU
		{880DB444-75F6-433C-B1C6-AAF186CC01D8}.Debug|Any CPU.Build.0 = Debug|Any CPU
		{880DB444-75F6-433C-B1C6-AAF186CC01D8}.Release|Any CPU.ActiveCfg = Release|Any CPU
		{880DB444-75F6-433C-B1C6-AAF186CC01D8}.Release|Any CPU.Build.0 = Release|Any CPU
		{09C4CF5D-CB5D-428B-BFA2-E0C7C7A180C9}.Debug|Any CPU.ActiveCfg = Debug|Any CPU
		{09C4CF5D-CB5D-428B-BFA2-E0C7C7A180C9}.Debug|Any CPU.Build.0 = Debug|Any CPU
		{09C4CF5D-CB5D-428B-BFA2-E0C7C7A180C9}.Release|Any CPU.ActiveCfg = Release|Any CPU
		{09C4CF5D-CB5D-428B-BFA2-E0C7C7A180C9}.Release|Any CPU.Build.0 = Release|Any CPU
		{944E1928-C793-4EE7-B8BA-4B683490BF75}.Debug|Any CPU.ActiveCfg = Debug|Any CPU
		{944E1928-C793-4EE7-B8BA-4B683490BF75}.Debug|Any CPU.Build.0 = Debug|Any CPU
		{944E1928-C793-4EE7-B8BA-4B683490BF75}.Release|Any CPU.ActiveCfg = Release|Any CPU
		{944E1928-C793-4EE7-B8BA-4B683490BF75}.Release|Any CPU.Build.0 = Release|Any CPU
	EndGlobalSection
EndGlobal
